// !$*UTF8*$!
{
	archiveVersion = 1;
	classes = {
	};
	objectVersion = 46;
	objects = {

/* Begin PBXBuildFile section */
		2A3298EF1ACE9BF700108C2D /* NSDate+SLCategory.m in Sources */ = {isa = PBXBuildFile; fileRef = 2A3298EE1ACE9BF700108C2D /* NSDate+SLCategory.m */; };
		2A579DED1AC137FB004860D9 /* pinyin.c in Sources */ = {isa = PBXBuildFile; fileRef = 2A579DEB1AC137FB004860D9 /* pinyin.c */; };
		2A579E281AC2A5C9004860D9 /* SLJsonModel.m in Sources */ = {isa = PBXBuildFile; fileRef = 2A579E271AC2A5C9004860D9 /* SLJsonModel.m */; };
		2A5ACE191AAD3DDD00BA7346 /* SLNetworkHelper.m in Sources */ = {isa = PBXBuildFile; fileRef = 2A5ACE181AAD3DDD00BA7346 /* SLNetworkHelper.m */; };
		2A5C3CCD1AA1B1BB00AD0A4A /* SLPropertyCorrespondenceModel.m in Sources */ = {isa = PBXBuildFile; fileRef = 2A5C3CCC1AA1B1BB00AD0A4A /* SLPropertyCorrespondenceModel.m */; };
		2A5D89E61AC947C400410C0F /* UIView+SLSetFrame.m in Sources */ = {isa = PBXBuildFile; fileRef = 2A5D89E51AC947C400410C0F /* UIView+SLSetFrame.m */; };
		2A6873821AA592760039D966 /* SLRootNavigationController.m in Sources */ = {isa = PBXBuildFile; fileRef = 2A6873811AA592760039D966 /* SLRootNavigationController.m */; };
		2A6873911AA598B00039D966 /* NSString+SLCategory.m in Sources */ = {isa = PBXBuildFile; fileRef = 2A6873901AA598B00039D966 /* NSString+SLCategory.m */; };
		2A6873B31AA6F0830039D966 /* UIImage+SLCategory.m in Sources */ = {isa = PBXBuildFile; fileRef = 2A6873B21AA6F0830039D966 /* UIImage+SLCategory.m */; };
		2A6873B61AA6F0F40039D966 /* UIColor+SLCategory.m in Sources */ = {isa = PBXBuildFile; fileRef = 2A6873B51AA6F0F40039D966 /* UIColor+SLCategory.m */; };
		2A6873BD1AA6F8BD0039D966 /* SLBaseCollectionViewCell.m in Sources */ = {isa = PBXBuildFile; fileRef = 2A6873BB1AA6F8BD0039D966 /* SLBaseCollectionViewCell.m */; };
		2A6873C01AA6F9440039D966 /* SLBaseTableViewCell.m in Sources */ = {isa = PBXBuildFile; fileRef = 2A6873BF1AA6F9440039D966 /* SLBaseTableViewCell.m */; };
		2A6873EF1AA85B1D0039D966 /* SLImageView.m in Sources */ = {isa = PBXBuildFile; fileRef = 2A6873EE1AA85B1D0039D966 /* SLImageView.m */; };
		2A6873F21AA85C6C0039D966 /* SLLabel.m in Sources */ = {isa = PBXBuildFile; fileRef = 2A6873F11AA85C6C0039D966 /* SLLabel.m */; };
		2A832D411AB95E140067F824 /* UIView+SLDrawView.m in Sources */ = {isa = PBXBuildFile; fileRef = 2A832D401AB95E140067F824 /* UIView+SLDrawView.m */; };
		2A85481F1AA9ACEF00DC8BA5 /* SLPhotoView.m in Sources */ = {isa = PBXBuildFile; fileRef = 2A85481E1AA9ACEF00DC8BA5 /* SLPhotoView.m */; };
		92EBA50CDB8F432483412024 /* libPods.a in Frameworks */ = {isa = PBXBuildFile; fileRef = A4A992EBA4509D7D844EB375 /* libPods.a */; };
/* End PBXBuildFile section */

/* Begin PBXCopyFilesBuildPhase section */
		2A71805D1AA046AB00252759 /* CopyFiles */ = {
			isa = PBXCopyFilesBuildPhase;
			buildActionMask = 2147483647;
			dstPath = "include/$(PRODUCT_NAME)";
			dstSubfolderSpec = 16;
			files = (
			);
			runOnlyForDeploymentPostprocessing = 0;
		};
/* End PBXCopyFilesBuildPhase section */

/* Begin PBXFileReference section */
		2A3298ED1ACE9BF700108C2D /* NSDate+SLCategory.h */ = {isa = PBXFileReference; fileEncoding = 4; lastKnownFileType = sourcecode.c.h; path = "NSDate+SLCategory.h"; sourceTree = "<group>"; };
		2A3298EE1ACE9BF700108C2D /* NSDate+SLCategory.m */ = {isa = PBXFileReference; fileEncoding = 4; lastKnownFileType = sourcecode.c.objc; path = "NSDate+SLCategory.m"; sourceTree = "<group>"; };
		2A579DEB1AC137FB004860D9 /* pinyin.c */ = {isa = PBXFileReference; fileEncoding = 4; lastKnownFileType = sourcecode.c.c; path = pinyin.c; sourceTree = "<group>"; };
		2A579DEC1AC137FB004860D9 /* pinyin.h */ = {isa = PBXFileReference; fileEncoding = 4; lastKnownFileType = sourcecode.c.h; path = pinyin.h; sourceTree = "<group>"; };
		2A579E261AC2A5C9004860D9 /* SLJsonModel.h */ = {isa = PBXFileReference; fileEncoding = 4; lastKnownFileType = sourcecode.c.h; path = SLJsonModel.h; sourceTree = "<group>"; };
		2A579E271AC2A5C9004860D9 /* SLJsonModel.m */ = {isa = PBXFileReference; fileEncoding = 4; lastKnownFileType = sourcecode.c.objc; path = SLJsonModel.m; sourceTree = "<group>"; };
		2A5ACE171AAD3DDD00BA7346 /* SLNetworkHelper.h */ = {isa = PBXFileReference; fileEncoding = 4; lastKnownFileType = sourcecode.c.h; path = SLNetworkHelper.h; sourceTree = "<group>"; };
		2A5ACE181AAD3DDD00BA7346 /* SLNetworkHelper.m */ = {isa = PBXFileReference; fileEncoding = 4; lastKnownFileType = sourcecode.c.objc; path = SLNetworkHelper.m; sourceTree = "<group>"; };
		2A5ACE1E1AAD6A1D00BA7346 /* SLStaticLibrary.h */ = {isa = PBXFileReference; lastKnownFileType = sourcecode.c.h; path = SLStaticLibrary.h; sourceTree = "<group>"; };
		2A5ACE1F1AAD879700BA7346 /* SLStaticLibrary.pch */ = {isa = PBXFileReference; fileEncoding = 4; lastKnownFileType = sourcecode.c.h; path = SLStaticLibrary.pch; sourceTree = "<group>"; };
		2A5C3CCB1AA1B1BB00AD0A4A /* SLPropertyCorrespondenceModel.h */ = {isa = PBXFileReference; fileEncoding = 4; lastKnownFileType = sourcecode.c.h; path = SLPropertyCorrespondenceModel.h; sourceTree = "<group>"; };
		2A5C3CCC1AA1B1BB00AD0A4A /* SLPropertyCorrespondenceModel.m */ = {isa = PBXFileReference; fileEncoding = 4; lastKnownFileType = sourcecode.c.objc; path = SLPropertyCorrespondenceModel.m; sourceTree = "<group>"; };
		2A5D89E41AC947C400410C0F /* UIView+SLSetFrame.h */ = {isa = PBXFileReference; fileEncoding = 4; lastKnownFileType = sourcecode.c.h; path = "UIView+SLSetFrame.h"; sourceTree = "<group>"; };
		2A5D89E51AC947C400410C0F /* UIView+SLSetFrame.m */ = {isa = PBXFileReference; fileEncoding = 4; lastKnownFileType = sourcecode.c.objc; path = "UIView+SLSetFrame.m"; sourceTree = "<group>"; };
		2A6873801AA592760039D966 /* SLRootNavigationController.h */ = {isa = PBXFileReference; fileEncoding = 4; lastKnownFileType = sourcecode.c.h; path = SLRootNavigationController.h; sourceTree = "<group>"; };
		2A6873811AA592760039D966 /* SLRootNavigationController.m */ = {isa = PBXFileReference; fileEncoding = 4; lastKnownFileType = sourcecode.c.objc; path = SLRootNavigationController.m; sourceTree = "<group>"; };
		2A68738F1AA598B00039D966 /* NSString+SLCategory.h */ = {isa = PBXFileReference; fileEncoding = 4; lastKnownFileType = sourcecode.c.h; path = "NSString+SLCategory.h"; sourceTree = "<group>"; };
		2A6873901AA598B00039D966 /* NSString+SLCategory.m */ = {isa = PBXFileReference; fileEncoding = 4; lastKnownFileType = sourcecode.c.objc; path = "NSString+SLCategory.m"; sourceTree = "<group>"; };
		2A6873B11AA6F0830039D966 /* UIImage+SLCategory.h */ = {isa = PBXFileReference; fileEncoding = 4; lastKnownFileType = sourcecode.c.h; path = "UIImage+SLCategory.h"; sourceTree = "<group>"; };
		2A6873B21AA6F0830039D966 /* UIImage+SLCategory.m */ = {isa = PBXFileReference; fileEncoding = 4; lastKnownFileType = sourcecode.c.objc; path = "UIImage+SLCategory.m"; sourceTree = "<group>"; };
		2A6873B41AA6F0F40039D966 /* UIColor+SLCategory.h */ = {isa = PBXFileReference; fileEncoding = 4; lastKnownFileType = sourcecode.c.h; path = "UIColor+SLCategory.h"; sourceTree = "<group>"; };
		2A6873B51AA6F0F40039D966 /* UIColor+SLCategory.m */ = {isa = PBXFileReference; fileEncoding = 4; lastKnownFileType = sourcecode.c.objc; path = "UIColor+SLCategory.m"; sourceTree = "<group>"; };
		2A6873BA1AA6F8BD0039D966 /* SLBaseCollectionViewCell.h */ = {isa = PBXFileReference; fileEncoding = 4; lastKnownFileType = sourcecode.c.h; path = SLBaseCollectionViewCell.h; sourceTree = "<group>"; };
		2A6873BB1AA6F8BD0039D966 /* SLBaseCollectionViewCell.m */ = {isa = PBXFileReference; fileEncoding = 4; lastKnownFileType = sourcecode.c.objc; path = SLBaseCollectionViewCell.m; sourceTree = "<group>"; };
		2A6873BE1AA6F9440039D966 /* SLBaseTableViewCell.h */ = {isa = PBXFileReference; fileEncoding = 4; lastKnownFileType = sourcecode.c.h; path = SLBaseTableViewCell.h; sourceTree = "<group>"; };
		2A6873BF1AA6F9440039D966 /* SLBaseTableViewCell.m */ = {isa = PBXFileReference; fileEncoding = 4; lastKnownFileType = sourcecode.c.objc; path = SLBaseTableViewCell.m; sourceTree = "<group>"; };
		2A6873ED1AA85B1D0039D966 /* SLImageView.h */ = {isa = PBXFileReference; fileEncoding = 4; lastKnownFileType = sourcecode.c.h; path = SLImageView.h; sourceTree = "<group>"; };
		2A6873EE1AA85B1D0039D966 /* SLImageView.m */ = {isa = PBXFileReference; fileEncoding = 4; lastKnownFileType = sourcecode.c.objc; path = SLImageView.m; sourceTree = "<group>"; };
		2A6873F01AA85C6C0039D966 /* SLLabel.h */ = {isa = PBXFileReference; fileEncoding = 4; lastKnownFileType = sourcecode.c.h; path = SLLabel.h; sourceTree = "<group>"; };
		2A6873F11AA85C6C0039D966 /* SLLabel.m */ = {isa = PBXFileReference; fileEncoding = 4; lastKnownFileType = sourcecode.c.objc; path = SLLabel.m; sourceTree = "<group>"; };
		2A71805F1AA046AB00252759 /* libSLStaticLibrary.a */ = {isa = PBXFileReference; explicitFileType = archive.ar; includeInIndex = 0; path = libSLStaticLibrary.a; sourceTree = BUILT_PRODUCTS_DIR; };
		2A832D3F1AB95E140067F824 /* UIView+SLDrawView.h */ = {isa = PBXFileReference; fileEncoding = 4; lastKnownFileType = sourcecode.c.h; path = "UIView+SLDrawView.h"; sourceTree = "<group>"; };
		2A832D401AB95E140067F824 /* UIView+SLDrawView.m */ = {isa = PBXFileReference; fileEncoding = 4; lastKnownFileType = sourcecode.c.objc; path = "UIView+SLDrawView.m"; sourceTree = "<group>"; };
		2A85481D1AA9ACEF00DC8BA5 /* SLPhotoView.h */ = {isa = PBXFileReference; fileEncoding = 4; lastKnownFileType = sourcecode.c.h; path = SLPhotoView.h; sourceTree = "<group>"; };
		2A85481E1AA9ACEF00DC8BA5 /* SLPhotoView.m */ = {isa = PBXFileReference; fileEncoding = 4; lastKnownFileType = sourcecode.c.objc; path = SLPhotoView.m; sourceTree = "<group>"; };
		2AAA65511AB171EE0010B10A /* SLImages.bundle */ = {isa = PBXFileReference; lastKnownFileType = "wrapper.plug-in"; path = SLImages.bundle; sourceTree = "<group>"; };
		A1558590F58649D77795E11B /* Pods.release.xcconfig */ = {isa = PBXFileReference; includeInIndex = 1; lastKnownFileType = text.xcconfig; name = Pods.release.xcconfig; path = "Pods/Target Support Files/Pods/Pods.release.xcconfig"; sourceTree = "<group>"; };
		A4A992EBA4509D7D844EB375 /* libPods.a */ = {isa = PBXFileReference; explicitFileType = archive.ar; includeInIndex = 0; path = libPods.a; sourceTree = BUILT_PRODUCTS_DIR; };
		BCA0654B2B63B9B861441A08 /* Pods.debug.xcconfig */ = {isa = PBXFileReference; includeInIndex = 1; lastKnownFileType = text.xcconfig; name = Pods.debug.xcconfig; path = "Pods/Target Support Files/Pods/Pods.debug.xcconfig"; sourceTree = "<group>"; };
/* End PBXFileReference section */

/* Begin PBXFrameworksBuildPhase section */
		2A71805C1AA046AB00252759 /* Frameworks */ = {
			isa = PBXFrameworksBuildPhase;
			buildActionMask = 2147483647;
			files = (
				92EBA50CDB8F432483412024 /* libPods.a in Frameworks */,
			);
			runOnlyForDeploymentPostprocessing = 0;
		};
/* End PBXFrameworksBuildPhase section */

/* Begin PBXGroup section */
		0CE30ABA91BBE90DACE5430A /* Pods */ = {
			isa = PBXGroup;
			children = (
				BCA0654B2B63B9B861441A08 /* Pods.debug.xcconfig */,
				A1558590F58649D77795E11B /* Pods.release.xcconfig */,
			);
			name = Pods;
			sourceTree = "<group>";
		};
		2A5ACE161AAD3DAF00BA7346 /* Commons */ = {
			isa = PBXGroup;
			children = (
				2A5ACE171AAD3DDD00BA7346 /* SLNetworkHelper.h */,
				2A5ACE181AAD3DDD00BA7346 /* SLNetworkHelper.m */,
				2A5ACE1E1AAD6A1D00BA7346 /* SLStaticLibrary.h */,
			);
			path = Commons;
			sourceTree = "<group>";
		};
		2A5C3CAB1AA16F2500AD0A4A /* Categories */ = {
			isa = PBXGroup;
			children = (
				2A3298ED1ACE9BF700108C2D /* NSDate+SLCategory.h */,
				2A3298EE1ACE9BF700108C2D /* NSDate+SLCategory.m */,
				2A68738F1AA598B00039D966 /* NSString+SLCategory.h */,
				2A6873901AA598B00039D966 /* NSString+SLCategory.m */,
				2A579DEB1AC137FB004860D9 /* pinyin.c */,
				2A579DEC1AC137FB004860D9 /* pinyin.h */,
				2A6873B41AA6F0F40039D966 /* UIColor+SLCategory.h */,
				2A6873B51AA6F0F40039D966 /* UIColor+SLCategory.m */,
				2A6873B11AA6F0830039D966 /* UIImage+SLCategory.h */,
				2A6873B21AA6F0830039D966 /* UIImage+SLCategory.m */,
				2A832D3F1AB95E140067F824 /* UIView+SLDrawView.h */,
				2A832D401AB95E140067F824 /* UIView+SLDrawView.m */,
				2A5D89E41AC947C400410C0F /* UIView+SLSetFrame.h */,
				2A5D89E51AC947C400410C0F /* UIView+SLSetFrame.m */,
			);
			path = Categories;
			sourceTree = "<group>";
		};
		2A5C3CC41AA1B09300AD0A4A /* Models */ = {
			isa = PBXGroup;
			children = (
				2A579E261AC2A5C9004860D9 /* SLJsonModel.h */,
				2A579E271AC2A5C9004860D9 /* SLJsonModel.m */,
				2A5C3CCB1AA1B1BB00AD0A4A /* SLPropertyCorrespondenceModel.h */,
				2A5C3CCC1AA1B1BB00AD0A4A /* SLPropertyCorrespondenceModel.m */,
			);
			path = Models;
			sourceTree = "<group>";
		};
		2A6873591AA58BCE0039D966 /* Controllers */ = {
			isa = PBXGroup;
			children = (
				2A6873801AA592760039D966 /* SLRootNavigationController.h */,
				2A6873811AA592760039D966 /* SLRootNavigationController.m */,
			);
			path = Controllers;
			sourceTree = "<group>";
		};
		2A6873971AA6AC630039D966 /* Views */ = {
			isa = PBXGroup;
			children = (
				2A6873BA1AA6F8BD0039D966 /* SLBaseCollectionViewCell.h */,
				2A6873BB1AA6F8BD0039D966 /* SLBaseCollectionViewCell.m */,
				2A6873BE1AA6F9440039D966 /* SLBaseTableViewCell.h */,
				2A6873BF1AA6F9440039D966 /* SLBaseTableViewCell.m */,
				2A6873ED1AA85B1D0039D966 /* SLImageView.h */,
				2A6873EE1AA85B1D0039D966 /* SLImageView.m */,
				2A6873F01AA85C6C0039D966 /* SLLabel.h */,
				2A6873F11AA85C6C0039D966 /* SLLabel.m */,
				2A85481D1AA9ACEF00DC8BA5 /* SLPhotoView.h */,
				2A85481E1AA9ACEF00DC8BA5 /* SLPhotoView.m */,
			);
			path = Views;
			sourceTree = "<group>";
		};
		2A7180561AA046AB00252759 = {
			isa = PBXGroup;
			children = (
				2A7180611AA046AB00252759 /* SLStaticLibrary */,
				2A7180601AA046AB00252759 /* Products */,
				0CE30ABA91BBE90DACE5430A /* Pods */,
				BCF9F4E561562FC3910708D8 /* Frameworks */,
			);
			sourceTree = "<group>";
		};
		2A7180601AA046AB00252759 /* Products */ = {
			isa = PBXGroup;
			children = (
				2A71805F1AA046AB00252759 /* libSLStaticLibrary.a */,
			);
			name = Products;
			sourceTree = "<group>";
		};
		2A7180611AA046AB00252759 /* SLStaticLibrary */ = {
			isa = PBXGroup;
			children = (
				2A5C3CAB1AA16F2500AD0A4A /* Categories */,
				2A5ACE161AAD3DAF00BA7346 /* Commons */,
				2A6873591AA58BCE0039D966 /* Controllers */,
				2A5C3CC41AA1B09300AD0A4A /* Models */,
				2AAA65501AB171EE0010B10A /* Resources */,
				2A5ACE1F1AAD879700BA7346 /* SLStaticLibrary.pch */,
				2A6873971AA6AC630039D966 /* Views */,
			);
			path = SLStaticLibrary;
			sourceTree = "<group>";
		};
		2AAA65501AB171EE0010B10A /* Resources */ = {
			isa = PBXGroup;
			children = (
				2AAA65511AB171EE0010B10A /* SLImages.bundle */,
			);
			path = Resources;
			sourceTree = "<group>";
		};
		BCF9F4E561562FC3910708D8 /* Frameworks */ = {
			isa = PBXGroup;
			children = (
				A4A992EBA4509D7D844EB375 /* libPods.a */,
			);
			name = Frameworks;
			sourceTree = "<group>";
		};
/* End PBXGroup section */

/* Begin PBXNativeTarget section */
		2A71805E1AA046AB00252759 /* SLStaticLibrary */ = {
			isa = PBXNativeTarget;
			buildConfigurationList = 2A7180731AA046AB00252759 /* Build configuration list for PBXNativeTarget "SLStaticLibrary" */;
			buildPhases = (
				46592FA3809C266ADA1DD466 /* Check Pods Manifest.lock */,
				2A71805B1AA046AB00252759 /* Sources */,
				2A71805C1AA046AB00252759 /* Frameworks */,
				2A71805D1AA046AB00252759 /* CopyFiles */,
				1D23F0D043462AB701A6617C /* Copy Pods Resources */,
			);
			buildRules = (
			);
			dependencies = (
			);
			name = SLStaticLibrary;
			productName = SLStaticLibrary;
			productReference = 2A71805F1AA046AB00252759 /* libSLStaticLibrary.a */;
			productType = "com.apple.product-type.library.static";
		};
/* End PBXNativeTarget section */

/* Begin PBXProject section */
		2A7180571AA046AB00252759 /* Project object */ = {
			isa = PBXProject;
			attributes = {
				CLASSPREFIX = SL;
				LastUpgradeCheck = 0610;
				ORGANIZATIONNAME = "";
				TargetAttributes = {
					2A71805E1AA046AB00252759 = {
						CreatedOnToolsVersion = 6.1.1;
					};
				};
			};
			buildConfigurationList = 2A71805A1AA046AB00252759 /* Build configuration list for PBXProject "SLStaticLibrary" */;
			compatibilityVersion = "Xcode 3.2";
			developmentRegion = English;
			hasScannedForEncodings = 0;
			knownRegions = (
				en,
			);
			mainGroup = 2A7180561AA046AB00252759;
			productRefGroup = 2A7180601AA046AB00252759 /* Products */;
			projectDirPath = "";
			projectRoot = "";
			targets = (
				2A71805E1AA046AB00252759 /* SLStaticLibrary */,
			);
		};
/* End PBXProject section */

/* Begin PBXShellScriptBuildPhase section */
		1D23F0D043462AB701A6617C /* Copy Pods Resources */ = {
			isa = PBXShellScriptBuildPhase;
			buildActionMask = 2147483647;
			files = (
			);
			inputPaths = (
			);
			name = "Copy Pods Resources";
			outputPaths = (
			);
			runOnlyForDeploymentPostprocessing = 0;
			shellPath = /bin/sh;
			shellScript = "\"${SRCROOT}/Pods/Target Support Files/Pods/Pods-resources.sh\"\n";
			showEnvVarsInLog = 0;
		};
		46592FA3809C266ADA1DD466 /* Check Pods Manifest.lock */ = {
			isa = PBXShellScriptBuildPhase;
			buildActionMask = 2147483647;
			files = (
			);
			inputPaths = (
			);
			name = "Check Pods Manifest.lock";
			outputPaths = (
			);
			runOnlyForDeploymentPostprocessing = 0;
			shellPath = /bin/sh;
			shellScript = "diff \"${PODS_ROOT}/../Podfile.lock\" \"${PODS_ROOT}/Manifest.lock\" > /dev/null\nif [[ $? != 0 ]] ; then\n    cat << EOM\nerror: The sandbox is not in sync with the Podfile.lock. Run 'pod install' or update your CocoaPods installation.\nEOM\n    exit 1\nfi\n";
			showEnvVarsInLog = 0;
		};
/* End PBXShellScriptBuildPhase section */

/* Begin PBXSourcesBuildPhase section */
		2A71805B1AA046AB00252759 /* Sources */ = {
			isa = PBXSourcesBuildPhase;
			buildActionMask = 2147483647;
			files = (
				2A579DED1AC137FB004860D9 /* pinyin.c in Sources */,
				2A832D411AB95E140067F824 /* UIView+SLDrawView.m in Sources */,
				2A579E281AC2A5C9004860D9 /* SLJsonModel.m in Sources */,
				2A3298EF1ACE9BF700108C2D /* NSDate+SLCategory.m in Sources */,
				2A85481F1AA9ACEF00DC8BA5 /* SLPhotoView.m in Sources */,
				2A5D89E61AC947C400410C0F /* UIView+SLSetFrame.m in Sources */,
				2A6873B31AA6F0830039D966 /* UIImage+SLCategory.m in Sources */,
				2A6873911AA598B00039D966 /* NSString+SLCategory.m in Sources */,
				2A6873C01AA6F9440039D966 /* SLBaseTableViewCell.m in Sources */,
				2A6873B61AA6F0F40039D966 /* UIColor+SLCategory.m in Sources */,
				2A5C3CCD1AA1B1BB00AD0A4A /* SLPropertyCorrespondenceModel.m in Sources */,
				2A6873821AA592760039D966 /* SLRootNavigationController.m in Sources */,
				2A6873BD1AA6F8BD0039D966 /* SLBaseCollectionViewCell.m in Sources */,
				2A6873EF1AA85B1D0039D966 /* SLImageView.m in Sources */,
				2A5ACE191AAD3DDD00BA7346 /* SLNetworkHelper.m in Sources */,
				2A6873F21AA85C6C0039D966 /* SLLabel.m in Sources */,
			);
			runOnlyForDeploymentPostprocessing = 0;
		};
/* End PBXSourcesBuildPhase section */

/* Begin XCBuildConfiguration section */
		2A7180711AA046AB00252759 /* Debug */ = {
			isa = XCBuildConfiguration;
			buildSettings = {
				ALWAYS_SEARCH_USER_PATHS = NO;
				CLANG_CXX_LANGUAGE_STANDARD = "gnu++0x";
				CLANG_CXX_LIBRARY = "libc++";
				CLANG_ENABLE_MODULES = YES;
				CLANG_ENABLE_OBJC_ARC = YES;
				CLANG_WARN_BOOL_CONVERSION = YES;
				CLANG_WARN_CONSTANT_CONVERSION = YES;
				CLANG_WARN_DIRECT_OBJC_ISA_USAGE = YES_ERROR;
				CLANG_WARN_EMPTY_BODY = YES;
				CLANG_WARN_ENUM_CONVERSION = YES;
				CLANG_WARN_INT_CONVERSION = YES;
				CLANG_WARN_OBJC_ROOT_CLASS = YES_ERROR;
				CLANG_WARN_UNREACHABLE_CODE = YES;
				CLANG_WARN__DUPLICATE_METHOD_MATCH = YES;
				COPY_PHASE_STRIP = NO;
				ENABLE_STRICT_OBJC_MSGSEND = YES;
				GCC_C_LANGUAGE_STANDARD = gnu99;
				GCC_DYNAMIC_NO_PIC = NO;
				GCC_OPTIMIZATION_LEVEL = 0;
				GCC_PREPROCESSOR_DEFINITIONS = (
					"DEBUG=1",
					"$(inherited)",
				);
				GCC_SYMBOLS_PRIVATE_EXTERN = NO;
				GCC_WARN_64_TO_32_BIT_CONVERSION = YES;
				GCC_WARN_ABOUT_RETURN_TYPE = YES_ERROR;
				GCC_WARN_UNDECLARED_SELECTOR = YES;
				GCC_WARN_UNINITIALIZED_AUTOS = YES_AGGRESSIVE;
				GCC_WARN_UNUSED_FUNCTION = YES;
				GCC_WARN_UNUSED_VARIABLE = YES;
				IPHONEOS_DEPLOYMENT_TARGET = 7.0;
				MTL_ENABLE_DEBUG_INFO = YES;
				ONLY_ACTIVE_ARCH = YES;
				SDKROOT = iphoneos;
			};
			name = Debug;
		};
		2A7180721AA046AB00252759 /* Release */ = {
			isa = XCBuildConfiguration;
			buildSettings = {
				ALWAYS_SEARCH_USER_PATHS = NO;
				CLANG_CXX_LANGUAGE_STANDARD = "gnu++0x";
				CLANG_CXX_LIBRARY = "libc++";
				CLANG_ENABLE_MODULES = YES;
				CLANG_ENABLE_OBJC_ARC = YES;
				CLANG_WARN_BOOL_CONVERSION = YES;
				CLANG_WARN_CONSTANT_CONVERSION = YES;
				CLANG_WARN_DIRECT_OBJC_ISA_USAGE = YES_ERROR;
				CLANG_WARN_EMPTY_BODY = YES;
				CLANG_WARN_ENUM_CONVERSION = YES;
				CLANG_WARN_INT_CONVERSION = YES;
				CLANG_WARN_OBJC_ROOT_CLASS = YES_ERROR;
				CLANG_WARN_UNREACHABLE_CODE = YES;
				CLANG_WARN__DUPLICATE_METHOD_MATCH = YES;
				COPY_PHASE_STRIP = YES;
				ENABLE_NS_ASSERTIONS = NO;
				ENABLE_STRICT_OBJC_MSGSEND = YES;
				GCC_C_LANGUAGE_STANDARD = gnu99;
				GCC_WARN_64_TO_32_BIT_CONVERSION = YES;
				GCC_WARN_ABOUT_RETURN_TYPE = YES_ERROR;
				GCC_WARN_UNDECLARED_SELECTOR = YES;
				GCC_WARN_UNINITIALIZED_AUTOS = YES_AGGRESSIVE;
				GCC_WARN_UNUSED_FUNCTION = YES;
				GCC_WARN_UNUSED_VARIABLE = YES;
				IPHONEOS_DEPLOYMENT_TARGET = 7.0;
				MTL_ENABLE_DEBUG_INFO = NO;
				SDKROOT = iphoneos;
				VALIDATE_PRODUCT = YES;
			};
			name = Release;
		};
		2A7180741AA046AB00252759 /* Debug */ = {
			isa = XCBuildConfiguration;
			baseConfigurationReference = BCA0654B2B63B9B861441A08 /* Pods.debug.xcconfig */;
			buildSettings = {
				IPHONEOS_DEPLOYMENT_TARGET = 7.0;
				OTHER_LDFLAGS = "-ObjC";
				PRODUCT_NAME = "$(TARGET_NAME)";
				SKIP_INSTALL = YES;
			};
			name = Debug;
		};
		2A7180751AA046AB00252759 /* Release */ = {
			isa = XCBuildConfiguration;
			baseConfigurationReference = A1558590F58649D77795E11B /* Pods.release.xcconfig */;
			buildSettings = {
				IPHONEOS_DEPLOYMENT_TARGET = 7.0;
				OTHER_LDFLAGS = "-ObjC";
				PRODUCT_NAME = "$(TARGET_NAME)";
				SKIP_INSTALL = YES;
			};
			name = Release;
		};
/* End XCBuildConfiguration section */

/* Begin XCConfigurationList section */
		2A71805A1AA046AB00252759 /* Build configuration list for PBXProject "SLStaticLibrary" */ = {
			isa = XCConfigurationList;
			buildConfigurations = (
				2A7180711AA046AB00252759 /* Debug */,
				2A7180721AA046AB00252759 /* Release */,
			);
			defaultConfigurationIsVisible = 0;
			defaultConfigurationName = Release;
		};
		2A7180731AA046AB00252759 /* Build configuration list for PBXNativeTarget "SLStaticLibrary" */ = {
			isa = XCConfigurationList;
			buildConfigurations = (
				2A7180741AA046AB00252759 /* Debug */,
				2A7180751AA046AB00252759 /* Release */,
			);
			defaultConfigurationIsVisible = 0;
			defaultConfigurationName = Release;
		};
/* End XCConfigurationList section */
	};
	rootObject = 2A7180571AA046AB00252759 /* Project object */;
}
